
Microsoft Visual Studio Solution File, Format Version 12.00
# Visual Studio Version 17
VisualStudioVersion = 17.4.33403.182
MinimumVisualStudioVersion = 10.0.40219.1
Project("{9A19103F-16F7-4668-BE54-9A1E7A4F7556}") = "Advance_CSharp_Concept", "Advance_CSharp_Concept.csproj", "{16BB9A5E-5418-4758-8F66-C76987B96596}"
EndProject
Project("{FAE04EC0-301F-11D3-BF4B-00C04F79EFBC}") = "Delegates", "..\Delegates\Delegates.csproj", "{C9A25967-1F78-43AB-807D-B16DD4E51FC0}"
EndProject
Global
	GlobalSection(SolutionConfigurationPlatforms) = preSolution
		Debug|Any CPU = Debug|Any CPU
		Release|Any CPU = Release|Any CPU
	EndGlobalSection
	GlobalSection(ProjectConfigurationPlatforms) = postSolution
		{16BB9A5E-5418-4758-8F66-C76987B96596}.Debug|Any CPU.ActiveCfg = Debug|Any CPU
		{16BB9A5E-5418-4758-8F66-C76987B96596}.Debug|Any CPU.Build.0 = Debug|Any CPU
		{16BB9A5E-5418-4758-8F66-C76987B96596}.Release|Any CPU.ActiveCfg = Release|Any CPU
		{16BB9A5E-5418-4758-8F66-C76987B96596}.Release|Any CPU.Build.0 = Release|Any CPU
		{C9A25967-1F78-43AB-807D-B16DD4E51FC0}.Debug|Any CPU.ActiveCfg = Debug|Any CPU
		{C9A25967-1F78-43AB-807D-B16DD4E51FC0}.Debug|Any CPU.Build.0 = Debug|Any CPU
		{C9A25967-1F78-43AB-807D-B16DD4E51FC0}.Release|Any CPU.ActiveCfg = Release|Any CPU
		{C9A25967-1F78-43AB-807D-B16DD4E51FC0}.Release|Any CPU.Build.0 = Release|Any CPU
	EndGlobalSection
	GlobalSection(SolutionProperties) = preSolution
		HideSolutionNode = FALSE
	EndGlobalSection
	GlobalSection(ExtensibilityGlobals) = postSolution
		SolutionGuid = {1D67A470-184B-43FA-A211-034FB9F252FC}
	EndGlobalSection
EndGlobal
